
Microsoft Visual Studio Solution File, Format Version 12.00
# Visual Studio Version 17
VisualStudioVersion = 17.14.36518.9
MinimumVisualStudioVersion = 10.0.40219.1
Project("{FAE04EC0-301F-11D3-BF4B-00C04F79EFBC}") = "OEMEV.UserService.Infrastructure", "OEMEV.UserService.Infrastructure\OEMEV.UserService.Infrastructure.csproj", "{52995869-8B45-456D-9325-03ECA0C8EFA3}"
EndProject
Project("{FAE04EC0-301F-11D3-BF4B-00C04F79EFBC}") = "OEMEV.UserService.Domain", "OEMEV.UserService.Domain\OEMEV.UserService.Domain.csproj", "{8AB8949D-80DB-46C8-9C88-BD9525CC5CE3}"
EndProject
Project("{FAE04EC0-301F-11D3-BF4B-00C04F79EFBC}") = "OEMEV.UserService.Api", "OEMEV.UserService.Api\OEMEV.UserService.Api.csproj", "{96551251-14F9-434A-97DD-A80A39487714}"
EndProject
Project("{FAE04EC0-301F-11D3-BF4B-00C04F79EFBC}") = "OEMEV.UserService.Application", "OEMEV.UserService.Application\OEMEV.UserService.Application.csproj", "{3AF4582D-77EB-4AE6-907C-F2361F48816E}"
EndProject
Global
	GlobalSection(SolutionConfigurationPlatforms) = preSolution
		Debug|Any CPU = Debug|Any CPU
		Release|Any CPU = Release|Any CPU
	EndGlobalSection
	GlobalSection(ProjectConfigurationPlatforms) = postSolution
		{52995869-8B45-456D-9325-03ECA0C8EFA3}.Debug|Any CPU.ActiveCfg = Debug|Any CPU
		{52995869-8B45-456D-9325-03ECA0C8EFA3}.Debug|Any CPU.Build.0 = Debug|Any CPU
		{52995869-8B45-456D-9325-03ECA0C8EFA3}.Release|Any CPU.ActiveCfg = Release|Any CPU
		{52995869-8B45-456D-9325-03ECA0C8EFA3}.Release|Any CPU.Build.0 = Release|Any CPU
		{8AB8949D-80DB-46C8-9C88-BD9525CC5CE3}.Debug|Any CPU.ActiveCfg = Debug|Any CPU
		{8AB8949D-80DB-46C8-9C88-BD9525CC5CE3}.Debug|Any CPU.Build.0 = Debug|Any CPU
		{8AB8949D-80DB-46C8-9C88-BD9525CC5CE3}.Release|Any CPU.ActiveCfg = Release|Any CPU
		{8AB8949D-80DB-46C8-9C88-BD9525CC5CE3}.Release|Any CPU.Build.0 = Release|Any CPU
		{96551251-14F9-434A-97DD-A80A39487714}.Debug|Any CPU.ActiveCfg = Debug|Any CPU
		{96551251-14F9-434A-97DD-A80A39487714}.Debug|Any CPU.Build.0 = Debug|Any CPU
		{96551251-14F9-434A-97DD-A80A39487714}.Release|Any CPU.ActiveCfg = Release|Any CPU
		{96551251-14F9-434A-97DD-A80A39487714}.Release|Any CPU.Build.0 = Release|Any CPU
		{3AF4582D-77EB-4AE6-907C-F2361F48816E}.Debug|Any CPU.ActiveCfg = Debug|Any CPU
		{3AF4582D-77EB-4AE6-907C-F2361F48816E}.Debug|Any CPU.Build.0 = Debug|Any CPU
		{3AF4582D-77EB-4AE6-907C-F2361F48816E}.Release|Any CPU.ActiveCfg = Release|Any CPU
		{3AF4582D-77EB-4AE6-907C-F2361F48816E}.Release|Any CPU.Build.0 = Release|Any CPU
	EndGlobalSection
	GlobalSection(SolutionProperties) = preSolution
		HideSolutionNode = FALSE
	EndGlobalSection
	GlobalSection(ExtensibilityGlobals) = postSolution
		SolutionGuid = {FBDB3B36-C17F-4D7C-B800-1EC302621531}
	EndGlobalSection
EndGlobal
